
Microsoft Visual Studio Solution File, Format Version 12.00
# Visual Studio Version 16
VisualStudioVersion = 16.0.30503.244
MinimumVisualStudioVersion = 10.0.40219.1
Project("{8BC9CEB8-8B4A-11D0-8D11-00A0C91BC942}") = "PayLoad (Intel)", "PayLoad (Intel)\PayLoad.vcxproj", "{223D1FDE-331E-4028-9083-1673A5161C99}"
EndProject
Project("{8BC9CEB8-8B4A-11D0-8D11-00A0C91BC942}") = "Example", "Usermode Example\Example.vcxproj", "{09B41831-3164-48AD-8660-23457D82B73B}"
EndProject
Project("{8BC9CEB8-8B4A-11D0-8D11-00A0C91BC942}") = "Voyager (1703-1511)", "Voyager (1703-1511)\Voyager 1703.vcxproj", "{C4B6B437-62DF-4166-9023-44CFC8A52258}"
EndProject
Project("{8BC9CEB8-8B4A-11D0-8D11-00A0C91BC942}") = "Voyager (2004-1709)", "Voyager (2004-1709)\Voyager 1.vcxproj", "{540D433F-C2DF-49A6-895C-F5C74B014777}"
EndProject
Project("{8BC9CEB8-8B4A-11D0-8D11-00A0C91BC942}") = "Efi Bundler", "Efi Bundler\Efi Bundler.vcxproj", "{EE860038-E3DD-4329-8D44-DF8B9ECBE420}"
EndProject
Project("{8BC9CEB8-8B4A-11D0-8D11-00A0C91BC942}") = "PayLoad (AMD)", "PayLoad (AMD)\PayLoad (AMD).vcxproj", "{C5122D8B-DEC8-458F-9342-3A4AC3152BEF}"
EndProject
Global
	GlobalSection(SolutionConfigurationPlatforms) = preSolution
		Debug|ARM = Debug|ARM
		Debug|ARM64 = Debug|ARM64
		Debug|x64 = Debug|x64
		Debug|x86 = Debug|x86
		Release|ARM = Release|ARM
		Release|ARM64 = Release|ARM64
		Release|x64 = Release|x64
		Release|x86 = Release|x86
	EndGlobalSection
	GlobalSection(ProjectConfigurationPlatforms) = postSolution
		{223D1FDE-331E-4028-9083-1673A5161C99}.Debug|ARM.ActiveCfg = Debug|ARM
		{223D1FDE-331E-4028-9083-1673A5161C99}.Debug|ARM.Build.0 = Debug|ARM
		{223D1FDE-331E-4028-9083-1673A5161C99}.Debug|ARM.Deploy.0 = Debug|ARM
		{223D1FDE-331E-4028-9083-1673A5161C99}.Debug|ARM64.ActiveCfg = Debug|ARM64
		{223D1FDE-331E-4028-9083-1673A5161C99}.Debug|ARM64.Build.0 = Debug|ARM64
		{223D1FDE-331E-4028-9083-1673A5161C99}.Debug|ARM64.Deploy.0 = Debug|ARM64
		{223D1FDE-331E-4028-9083-1673A5161C99}.Debug|x64.ActiveCfg = Debug|x64
		{223D1FDE-331E-4028-9083-1673A5161C99}.Debug|x64.Build.0 = Debug|x64
		{223D1FDE-331E-4028-9083-1673A5161C99}.Debug|x64.Deploy.0 = Debug|x64
		{223D1FDE-331E-4028-9083-1673A5161C99}.Debug|x86.ActiveCfg = Debug|Win32
		{223D1FDE-331E-4028-9083-1673A5161C99}.Debug|x86.Build.0 = Debug|Win32
		{223D1FDE-331E-4028-9083-1673A5161C99}.Debug|x86.Deploy.0 = Debug|Win32
		{223D1FDE-331E-4028-9083-1673A5161C99}.Release|ARM.ActiveCfg = Release|ARM
		{223D1FDE-331E-4028-9083-1673A5161C99}.Release|ARM.Build.0 = Release|ARM
		{223D1FDE-331E-4028-9083-1673A5161C99}.Release|ARM.Deploy.0 = Release|ARM
		{223D1FDE-331E-4028-9083-1673A5161C99}.Release|ARM64.ActiveCfg = Release|ARM64
		{223D1FDE-331E-4028-9083-1673A5161C99}.Release|ARM64.Build.0 = Release|ARM64
		{223D1FDE-331E-4028-9083-1673A5161C99}.Release|ARM64.Deploy.0 = Release|ARM64
		{223D1FDE-331E-4028-9083-1673A5161C99}.Release|x64.ActiveCfg = Release|x64
		{223D1FDE-331E-4028-9083-1673A5161C99}.Release|x64.Build.0 = Release|x64
		{223D1FDE-331E-4028-9083-1673A5161C99}.Release|x64.Deploy.0 = Release|x64
		{223D1FDE-331E-4028-9083-1673A5161C99}.Release|x86.ActiveCfg = Release|Win32
		{223D1FDE-331E-4028-9083-1673A5161C99}.Release|x86.Build.0 = Release|Win32
		{223D1FDE-331E-4028-9083-1673A5161C99}.Release|x86.Deploy.0 = Release|Win32
		{09B41831-3164-48AD-8660-23457D82B73B}.Debug|ARM.ActiveCfg = Debug|Win32
		{09B41831-3164-48AD-8660-23457D82B73B}.Debug|ARM64.ActiveCfg = Debug|Win32
		{09B41831-3164-48AD-8660-23457D82B73B}.Debug|x64.ActiveCfg = Debug|x64
		{09B41831-3164-48AD-8660-23457D82B73B}.Debug|x64.Build.0 = Debug|x64
		{09B41831-3164-48AD-8660-23457D82B73B}.Debug|x86.ActiveCfg = Debug|Win32
		{09B41831-3164-48AD-8660-23457D82B73B}.Debug|x86.Build.0 = Debug|Win32
		{09B41831-3164-48AD-8660-23457D82B73B}.Release|ARM.ActiveCfg = Release|Win32
		{09B41831-3164-48AD-8660-23457D82B73B}.Release|ARM64.ActiveCfg = Release|Win32
		{09B41831-3164-48AD-8660-23457D82B73B}.Release|x64.ActiveCfg = Release|x64
		{09B41831-3164-48AD-8660-23457D82B73B}.Release|x64.Build.0 = Release|x64
		{09B41831-3164-48AD-8660-23457D82B73B}.Release|x86.ActiveCfg = Release|Win32
		{09B41831-3164-48AD-8660-23457D82B73B}.Release|x86.Build.0 = Release|Win32
		{C4B6B437-62DF-4166-9023-44CFC8A52258}.Debug|ARM.ActiveCfg = Debug|Win32
		{C4B6B437-62DF-4166-9023-44CFC8A52258}.Debug|ARM64.ActiveCfg = Debug|Win32
		{C4B6B437-62DF-4166-9023-44CFC8A52258}.Debug|x64.ActiveCfg = Debug|x64
		{C4B6B437-62DF-4166-9023-44CFC8A52258}.Debug|x64.Build.0 = Debug|x64
		{C4B6B437-62DF-4166-9023-44CFC8A52258}.Debug|x86.ActiveCfg = Debug|Win32
		{C4B6B437-62DF-4166-9023-44CFC8A52258}.Debug|x86.Build.0 = Debug|Win32
		{C4B6B437-62DF-4166-9023-44CFC8A52258}.Release|ARM.ActiveCfg = Release|Win32
		{C4B6B437-62DF-4166-9023-44CFC8A52258}.Release|ARM64.ActiveCfg = Release|Win32
		{C4B6B437-62DF-4166-9023-44CFC8A52258}.Release|x64.ActiveCfg = Release|x64
		{C4B6B437-62DF-4166-9023-44CFC8A52258}.Release|x64.Build.0 = Release|x64
		{C4B6B437-62DF-4166-9023-44CFC8A52258}.Release|x86.ActiveCfg = Release|Win32
		{C4B6B437-62DF-4166-9023-44CFC8A52258}.Release|x86.Build.0 = Release|Win32
		{540D433F-C2DF-49A6-895C-F5C74B014777}.Debug|ARM.ActiveCfg = Debug|Win32
		{540D433F-C2DF-49A6-895C-F5C74B014777}.Debug|ARM64.ActiveCfg = Debug|Win32
		{540D433F-C2DF-49A6-895C-F5C74B014777}.Debug|x64.ActiveCfg = Debug|x64
		{540D433F-C2DF-49A6-895C-F5C74B014777}.Debug|x64.Build.0 = Debug|x64
		{540D433F-C2DF-49A6-895C-F5C74B014777}.Debug|x86.ActiveCfg = Debug|Win32
		{540D433F-C2DF-49A6-895C-F5C74B014777}.Debug|x86.Build.0 = Debug|Win32
		{540D433F-C2DF-49A6-895C-F5C74B014777}.Release|ARM.ActiveCfg = Release|Win32
		{540D433F-C2DF-49A6-895C-F5C74B014777}.Release|ARM64.ActiveCfg = Release|Win32
		{540D433F-C2DF-49A6-895C-F5C74B014777}.Release|x64.ActiveCfg = Release|x64
		{540D433F-C2DF-49A6-895C-F5C74B014777}.Release|x64.Build.0 = Release|x64
		{540D433F-C2DF-49A6-895C-F5C74B014777}.Release|x86.ActiveCfg = Release|Win32
		{540D433F-C2DF-49A6-895C-F5C74B014777}.Release|x86.Build.0 = Release|Win32
		{EE860038-E3DD-4329-8D44-DF8B9ECBE420}.Debug|ARM.ActiveCfg = Debug|Win32
		{EE860038-E3DD-4329-8D44-DF8B9ECBE420}.Debug|ARM64.ActiveCfg = Debug|Win32
		{EE860038-E3DD-4329-8D44-DF8B9ECBE420}.Debug|x64.ActiveCfg = Debug|x64
		{EE860038-E3DD-4329-8D44-DF8B9ECBE420}.Debug|x64.Build.0 = Debug|x64
		{EE860038-E3DD-4329-8D44-DF8B9ECBE420}.Debug|x86.ActiveCfg = Debug|Win32
		{EE860038-E3DD-4329-8D44-DF8B9ECBE420}.Debug|x86.Build.0 = Debug|Win32
		{EE860038-E3DD-4329-8D44-DF8B9ECBE420}.Release|ARM.ActiveCfg = Release|Win32
		{EE860038-E3DD-4329-8D44-DF8B9ECBE420}.Release|ARM64.ActiveCfg = Release|Win32
		{EE860038-E3DD-4329-8D44-DF8B9ECBE420}.Release|x64.ActiveCfg = Release|x64
		{EE860038-E3DD-4329-8D44-DF8B9ECBE420}.Release|x64.Build.0 = Release|x64
		{EE860038-E3DD-4329-8D44-DF8B9ECBE420}.Release|x86.ActiveCfg = Release|Win32
		{EE860038-E3DD-4329-8D44-DF8B9ECBE420}.Release|x86.Build.0 = Release|Win32
		{C5122D8B-DEC8-458F-9342-3A4AC3152BEF}.Debug|ARM.ActiveCfg = Debug|ARM
		{C5122D8B-DEC8-458F-9342-3A4AC3152BEF}.Debug|ARM.Build.0 = Debug|ARM
		{C5122D8B-DEC8-458F-9342-3A4AC3152BEF}.Debug|ARM.Deploy.0 = Debug|ARM
		{C5122D8B-DEC8-458F-9342-3A4AC3152BEF}.Debug|ARM64.ActiveCfg = Debug|ARM64
		{C5122D8B-DEC8-458F-9342-3A4AC3152BEF}.Debug|ARM64.Build.0 = Debug|ARM64
		{C5122D8B-DEC8-458F-9342-3A4AC3152BEF}.Debug|ARM64.Deploy.0 = Debug|ARM64
		{C5122D8B-DEC8-458F-9342-3A4AC3152BEF}.Debug|x64.ActiveCfg = Debug|x64
		{C5122D8B-DEC8-458F-9342-3A4AC3152BEF}.Debug|x64.Build.0 = Debug|x64
		{C5122D8B-DEC8-458F-9342-3A4AC3152BEF}.Debug|x64.Deploy.0 = Debug|x64
		{C5122D8B-DEC8-458F-9342-3A4AC3152BEF}.Debug|x86.ActiveCfg = Debug|Win32
		{C5122D8B-DEC8-458F-9342-3A4AC3152BEF}.Debug|x86.Build.0 = Debug|Win32
		{C5122D8B-DEC8-458F-9342-3A4AC3152BEF}.Debug|x86.Deploy.0 = Debug|Win32
		{C5122D8B-DEC8-458F-9342-3A4AC3152BEF}.Release|ARM.ActiveCfg = Release|ARM
		{C5122D8B-DEC8-458F-9342-3A4AC3152BEF}.Release|ARM.Build.0 = Release|ARM
		{C5122D8B-DEC8-458F-9342-3A4AC3152BEF}.Release|ARM.Deploy.0 = Release|ARM
		{C5122D8B-DEC8-458F-9342-3A4AC3152BEF}.Release|ARM64.ActiveCfg = Release|ARM64
		{C5122D8B-DEC8-458F-9342-3A4AC3152BEF}.Release|ARM64.Build.0 = Release|ARM64
		{C5122D8B-DEC8-458F-9342-3A4AC3152BEF}.Release|ARM64.Deploy.0 = Release|ARM64
		{C5122D8B-DEC8-458F-9342-3A4AC3152BEF}.Release|x64.ActiveCfg = Release|x64
		{C5122D8B-DEC8-458F-9342-3A4AC3152BEF}.Release|x64.Build.0 = Release|x64
		{C5122D8B-DEC8-458F-9342-3A4AC3152BEF}.Release|x64.Deploy.0 = Release|x64
		{C5122D8B-DEC8-458F-9342-3A4AC3152BEF}.Release|x86.ActiveCfg = Release|Win32
		{C5122D8B-DEC8-458F-9342-3A4AC3152BEF}.Release|x86.Build.0 = Release|Win32
		{C5122D8B-DEC8-458F-9342-3A4AC3152BEF}.Release|x86.Deploy.0 = Release|Win32
	EndGlobalSection
	GlobalSection(SolutionProperties) = preSolution
		HideSolutionNode = FALSE
	EndGlobalSection
	GlobalSection(ExtensibilityGlobals) = postSolution
		SolutionGuid = {8471BE1E-8BEA-4731-A57A-A1569FF59915}
	EndGlobalSection
EndGlobal
